
Microsoft Visual Studio Solution File, Format Version 12.00
# Visual Studio Version 17
VisualStudioVersion = 17.13.35931.197 d17.13
MinimumVisualStudioVersion = 10.0.40219.1
Project("{FAE04EC0-301F-11D3-BF4B-00C04F79EFBC}") = "Enquiry.api", "Enquiry.api\Enquiry.api.csproj", "{3D6F9A3D-CAE5-49D0-90A9-CF97ECA78E61}"
EndProject
Global
	GlobalSection(SolutionConfigurationPlatforms) = preSolution
		Debug|Any CPU = Debug|Any CPU
		Release|Any CPU = Release|Any CPU
	EndGlobalSection
	GlobalSection(ProjectConfigurationPlatforms) = postSolution
		{3D6F9A3D-CAE5-49D0-90A9-CF97ECA78E61}.Debug|Any CPU.ActiveCfg = Debug|Any CPU
		{3D6F9A3D-CAE5-49D0-90A9-CF97ECA78E61}.Debug|Any CPU.Build.0 = Debug|Any CPU
		{3D6F9A3D-CAE5-49D0-90A9-CF97ECA78E61}.Release|Any CPU.ActiveCfg = Release|Any CPU
		{3D6F9A3D-CAE5-49D0-90A9-CF97ECA78E61}.Release|Any CPU.Build.0 = Release|Any CPU
	EndGlobalSection
	GlobalSection(SolutionProperties) = preSolution
		HideSolutionNode = FALSE
	EndGlobalSection
	GlobalSection(ExtensibilityGlobals) = postSolution
		SolutionGuid = {F4353E17-5B48-4561-AFA5-39E1CE43C199}
	EndGlobalSection
EndGlobal
